
Microsoft Visual Studio Solution File, Format Version 12.00
# Visual Studio 15
VisualStudioVersion = 15.0.27130.2036
MinimumVisualStudioVersion = 10.0.40219.1
Project("{FAE04EC0-301F-11D3-BF4B-00C04F79EFBC}") = "JumboBossWorkFlow", "JumboBossWorkFlow\JumboBossWorkFlow.csproj", "{01901D26-AEE2-4F79-AC3D-D4FC7C565F3E}"
EndProject
Project("{FAE04EC0-301F-11D3-BF4B-00C04F79EFBC}") = "_DbEntities", "_DbEntities\_DbEntities.csproj", "{7F7E9A31-3852-46B9-A99A-7EB8E55420BE}"
EndProject
Project("{FAE04EC0-301F-11D3-BF4B-00C04F79EFBC}") = "_BusinessLayer", "_BusinessLayer\_BusinessLayer.csproj", "{4D940902-0CA5-46C1-B92F-8F9741C2A73E}"
EndProject
Global
	GlobalSection(SolutionConfigurationPlatforms) = preSolution
		Debug|Any CPU = Debug|Any CPU
		Release|Any CPU = Release|Any CPU
	EndGlobalSection
	GlobalSection(ProjectConfigurationPlatforms) = postSolution
		{01901D26-AEE2-4F79-AC3D-D4FC7C565F3E}.Debug|Any CPU.ActiveCfg = Debug|Any CPU
		{01901D26-AEE2-4F79-AC3D-D4FC7C565F3E}.Debug|Any CPU.Build.0 = Debug|Any CPU
		{01901D26-AEE2-4F79-AC3D-D4FC7C565F3E}.Release|Any CPU.ActiveCfg = Release|Any CPU
		{01901D26-AEE2-4F79-AC3D-D4FC7C565F3E}.Release|Any CPU.Build.0 = Release|Any CPU
		{7F7E9A31-3852-46B9-A99A-7EB8E55420BE}.Debug|Any CPU.ActiveCfg = Debug|Any CPU
		{7F7E9A31-3852-46B9-A99A-7EB8E55420BE}.Debug|Any CPU.Build.0 = Debug|Any CPU
		{7F7E9A31-3852-46B9-A99A-7EB8E55420BE}.Release|Any CPU.ActiveCfg = Release|Any CPU
		{7F7E9A31-3852-46B9-A99A-7EB8E55420BE}.Release|Any CPU.Build.0 = Release|Any CPU
		{4D940902-0CA5-46C1-B92F-8F9741C2A73E}.Debug|Any CPU.ActiveCfg = Debug|Any CPU
		{4D940902-0CA5-46C1-B92F-8F9741C2A73E}.Debug|Any CPU.Build.0 = Debug|Any CPU
		{4D940902-0CA5-46C1-B92F-8F9741C2A73E}.Release|Any CPU.ActiveCfg = Release|Any CPU
		{4D940902-0CA5-46C1-B92F-8F9741C2A73E}.Release|Any CPU.Build.0 = Release|Any CPU
	EndGlobalSection
	GlobalSection(SolutionProperties) = preSolution
		HideSolutionNode = FALSE
	EndGlobalSection
	GlobalSection(ExtensibilityGlobals) = postSolution
		SolutionGuid = {29EB66FC-EDD2-4480-9968-776A121B6624}
	EndGlobalSection
EndGlobal
